
Microsoft Visual Studio Solution File, Format Version 12.00
# Visual Studio 14
VisualStudioVersion = 14.0.24720.0
MinimumVisualStudioVersion = 10.0.40219.1
Project("{FAE04EC0-301F-11D3-BF4B-00C04F79EFBC}") = "HowStuffWorksSamples", "HowStuffWorksSamples\HowStuffWorksSamples.csproj", "{1E20A8A5-2C91-42E7-BA84-221AE0CF4E7C}"
EndProject
Project("{FAE04EC0-301F-11D3-BF4B-00C04F79EFBC}") = "HowStuffWorksSamples.Test.Unit", "HowStuffWorksSamples.Test.Unit\HowStuffWorksSamples.Test.Unit.csproj", "{89A447DA-950D-49F0-B79F-CFBF645B67C7}"
EndProject
Project("{FAE04EC0-301F-11D3-BF4B-00C04F79EFBC}") = "HswTestRunner", "HswTestRunner\HswTestRunner.csproj", "{AAFB1CF5-6A3E-4486-805C-4277BA7B2576}"
EndProject
Project("{FAE04EC0-301F-11D3-BF4B-00C04F79EFBC}") = "HswMvc", "HswMvc\HswMvc.csproj", "{D71D8880-3613-461F-B27E-1716912A205D}"
EndProject
Project("{FAE04EC0-301F-11D3-BF4B-00C04F79EFBC}") = "HswMvcApp", "HswMvcApp\HswMvcApp.csproj", "{472BFBFB-A704-4E0A-9CBC-6FD93502439E}"
EndProject
Project("{2150E333-8FDC-42A3-9474-1A3956D46DE8}") = "MVC", "MVC", "{BC99FC6C-6299-4C32-AFD9-076C31F113B2}"
EndProject
Project("{2150E333-8FDC-42A3-9474-1A3956D46DE8}") = "Samples", "Samples", "{3222562B-9443-4CD9-908E-950CFE4E9233}"
EndProject
Project("{2150E333-8FDC-42A3-9474-1A3956D46DE8}") = "TestRunner", "TestRunner", "{2FD2AE89-61AF-4EAF-A1DA-61178A837B2E}"
EndProject
Global
	GlobalSection(SolutionConfigurationPlatforms) = preSolution
		Debug|Any CPU = Debug|Any CPU
		Release|Any CPU = Release|Any CPU
	EndGlobalSection
	GlobalSection(ProjectConfigurationPlatforms) = postSolution
		{1E20A8A5-2C91-42E7-BA84-221AE0CF4E7C}.Debug|Any CPU.ActiveCfg = Debug|Any CPU
		{1E20A8A5-2C91-42E7-BA84-221AE0CF4E7C}.Debug|Any CPU.Build.0 = Debug|Any CPU
		{1E20A8A5-2C91-42E7-BA84-221AE0CF4E7C}.Release|Any CPU.ActiveCfg = Release|Any CPU
		{1E20A8A5-2C91-42E7-BA84-221AE0CF4E7C}.Release|Any CPU.Build.0 = Release|Any CPU
		{89A447DA-950D-49F0-B79F-CFBF645B67C7}.Debug|Any CPU.ActiveCfg = Debug|Any CPU
		{89A447DA-950D-49F0-B79F-CFBF645B67C7}.Debug|Any CPU.Build.0 = Debug|Any CPU
		{89A447DA-950D-49F0-B79F-CFBF645B67C7}.Release|Any CPU.ActiveCfg = Release|Any CPU
		{89A447DA-950D-49F0-B79F-CFBF645B67C7}.Release|Any CPU.Build.0 = Release|Any CPU
		{AAFB1CF5-6A3E-4486-805C-4277BA7B2576}.Debug|Any CPU.ActiveCfg = Debug|Any CPU
		{AAFB1CF5-6A3E-4486-805C-4277BA7B2576}.Debug|Any CPU.Build.0 = Debug|Any CPU
		{AAFB1CF5-6A3E-4486-805C-4277BA7B2576}.Release|Any CPU.ActiveCfg = Release|Any CPU
		{AAFB1CF5-6A3E-4486-805C-4277BA7B2576}.Release|Any CPU.Build.0 = Release|Any CPU
		{D71D8880-3613-461F-B27E-1716912A205D}.Debug|Any CPU.ActiveCfg = Debug|Any CPU
		{D71D8880-3613-461F-B27E-1716912A205D}.Debug|Any CPU.Build.0 = Debug|Any CPU
		{D71D8880-3613-461F-B27E-1716912A205D}.Release|Any CPU.ActiveCfg = Release|Any CPU
		{D71D8880-3613-461F-B27E-1716912A205D}.Release|Any CPU.Build.0 = Release|Any CPU
		{472BFBFB-A704-4E0A-9CBC-6FD93502439E}.Debug|Any CPU.ActiveCfg = Debug|Any CPU
		{472BFBFB-A704-4E0A-9CBC-6FD93502439E}.Debug|Any CPU.Build.0 = Debug|Any CPU
		{472BFBFB-A704-4E0A-9CBC-6FD93502439E}.Release|Any CPU.ActiveCfg = Release|Any CPU
		{472BFBFB-A704-4E0A-9CBC-6FD93502439E}.Release|Any CPU.Build.0 = Release|Any CPU
	EndGlobalSection
	GlobalSection(SolutionProperties) = preSolution
		HideSolutionNode = FALSE
	EndGlobalSection
	GlobalSection(NestedProjects) = preSolution
		{1E20A8A5-2C91-42E7-BA84-221AE0CF4E7C} = {3222562B-9443-4CD9-908E-950CFE4E9233}
		{89A447DA-950D-49F0-B79F-CFBF645B67C7} = {3222562B-9443-4CD9-908E-950CFE4E9233}
		{AAFB1CF5-6A3E-4486-805C-4277BA7B2576} = {2FD2AE89-61AF-4EAF-A1DA-61178A837B2E}
		{D71D8880-3613-461F-B27E-1716912A205D} = {BC99FC6C-6299-4C32-AFD9-076C31F113B2}
		{472BFBFB-A704-4E0A-9CBC-6FD93502439E} = {BC99FC6C-6299-4C32-AFD9-076C31F113B2}
	EndGlobalSection
EndGlobal
