
Microsoft Visual Studio Solution File, Format Version 12.00
# Visual Studio 14
VisualStudioVersion = 14.0.24720.0
MinimumVisualStudioVersion = 10.0.40219.1
Project("{FAE04EC0-301F-11D3-BF4B-00C04F79EFBC}") = "HowStuffWorksSamples", "HowStuffWorksSamples\HowStuffWorksSamples.csproj", "{1E20A8A5-2C91-42E7-BA84-221AE0CF4E7C}"
EndProject
Project("{FAE04EC0-301F-11D3-BF4B-00C04F79EFBC}") = "HowStuffWorksSamples.Test.Unit", "HowStuffWorksSamples.Test.Unit\HowStuffWorksSamples.Test.Unit.csproj", "{89A447DA-950D-49F0-B79F-CFBF645B67C7}"
EndProject
Project("{FAE04EC0-301F-11D3-BF4B-00C04F79EFBC}") = "HswTestRunner", "HswTestRunner\HswTestRunner.csproj", "{AAFB1CF5-6A3E-4486-805C-4277BA7B2576}"
EndProject
Global
	GlobalSection(SolutionConfigurationPlatforms) = preSolution
		Debug|Any CPU = Debug|Any CPU
		Release|Any CPU = Release|Any CPU
	EndGlobalSection
	GlobalSection(ProjectConfigurationPlatforms) = postSolution
		{1E20A8A5-2C91-42E7-BA84-221AE0CF4E7C}.Debug|Any CPU.ActiveCfg = Debug|Any CPU
		{1E20A8A5-2C91-42E7-BA84-221AE0CF4E7C}.Debug|Any CPU.Build.0 = Debug|Any CPU
		{1E20A8A5-2C91-42E7-BA84-221AE0CF4E7C}.Release|Any CPU.ActiveCfg = Release|Any CPU
		{1E20A8A5-2C91-42E7-BA84-221AE0CF4E7C}.Release|Any CPU.Build.0 = Release|Any CPU
		{89A447DA-950D-49F0-B79F-CFBF645B67C7}.Debug|Any CPU.ActiveCfg = Debug|Any CPU
		{89A447DA-950D-49F0-B79F-CFBF645B67C7}.Debug|Any CPU.Build.0 = Debug|Any CPU
		{89A447DA-950D-49F0-B79F-CFBF645B67C7}.Release|Any CPU.ActiveCfg = Release|Any CPU
		{89A447DA-950D-49F0-B79F-CFBF645B67C7}.Release|Any CPU.Build.0 = Release|Any CPU
		{AAFB1CF5-6A3E-4486-805C-4277BA7B2576}.Debug|Any CPU.ActiveCfg = Debug|Any CPU
		{AAFB1CF5-6A3E-4486-805C-4277BA7B2576}.Debug|Any CPU.Build.0 = Debug|Any CPU
		{AAFB1CF5-6A3E-4486-805C-4277BA7B2576}.Release|Any CPU.ActiveCfg = Release|Any CPU
		{AAFB1CF5-6A3E-4486-805C-4277BA7B2576}.Release|Any CPU.Build.0 = Release|Any CPU
	EndGlobalSection
	GlobalSection(SolutionProperties) = preSolution
		HideSolutionNode = FALSE
	EndGlobalSection
EndGlobal
